
Microsoft Visual Studio Solution File, Format Version 12.00
# Visual Studio Version 17
VisualStudioVersion = 17.1.32210.238
MinimumVisualStudioVersion = 10.0.40219.1
Project("{FAE04EC0-301F-11D3-BF4B-00C04F79EFBC}") = "Api", "Api\Api.csproj", "{E4B4CD51-98D0-4404-A0E0-457A9A6EC943}"
EndProject
Global
	GlobalSection(SolutionConfigurationPlatforms) = preSolution
		Debug|Any CPU = Debug|Any CPU
		Release|Any CPU = Release|Any CPU
	EndGlobalSection
	GlobalSection(ProjectConfigurationPlatforms) = postSolution
		{E4B4CD51-98D0-4404-A0E0-457A9A6EC943}.Debug|Any CPU.ActiveCfg = Debug|Any CPU
		{E4B4CD51-98D0-4404-A0E0-457A9A6EC943}.Debug|Any CPU.Build.0 = Debug|Any CPU
		{E4B4CD51-98D0-4404-A0E0-457A9A6EC943}.Release|Any CPU.ActiveCfg = Release|Any CPU
		{E4B4CD51-98D0-4404-A0E0-457A9A6EC943}.Release|Any CPU.Build.0 = Release|Any CPU
	EndGlobalSection
	GlobalSection(SolutionProperties) = preSolution
		HideSolutionNode = FALSE
	EndGlobalSection
	GlobalSection(ExtensibilityGlobals) = postSolution
		SolutionGuid = {C73730A7-52A1-4776-9027-D4AC392A4FA8}
	EndGlobalSection
EndGlobal
